
Microsoft Visual Studio Solution File, Format Version 12.00
# Visual Studio Version 16
VisualStudioVersion = 16.0.31624.102
MinimumVisualStudioVersion = 10.0.40219.1
Project("{FAE04EC0-301F-11D3-BF4B-00C04F79EFBC}") = "Lab1", "Lab1\Lab1.csproj", "{36CC57E9-021C-42FC-8F67-3E2750FB9F3C}"
EndProject
Global
	GlobalSection(SolutionConfigurationPlatforms) = preSolution
		Debug|Any CPU = Debug|Any CPU
		Release|Any CPU = Release|Any CPU
	EndGlobalSection
	GlobalSection(ProjectConfigurationPlatforms) = postSolution
		{36CC57E9-021C-42FC-8F67-3E2750FB9F3C}.Debug|Any CPU.ActiveCfg = Debug|Any CPU
		{36CC57E9-021C-42FC-8F67-3E2750FB9F3C}.Debug|Any CPU.Build.0 = Debug|Any CPU
		{36CC57E9-021C-42FC-8F67-3E2750FB9F3C}.Release|Any CPU.ActiveCfg = Release|Any CPU
		{36CC57E9-021C-42FC-8F67-3E2750FB9F3C}.Release|Any CPU.Build.0 = Release|Any CPU
	EndGlobalSection
	GlobalSection(SolutionProperties) = preSolution
		HideSolutionNode = FALSE
	EndGlobalSection
	GlobalSection(ExtensibilityGlobals) = postSolution
		SolutionGuid = {3BBC13EB-5054-4B68-BFBE-28D7CA4AFF19}
	EndGlobalSection
EndGlobal
